
Microsoft Visual Studio Solution File, Format Version 12.00
# Visual Studio Version 16
VisualStudioVersion = 16.0.29009.5
MinimumVisualStudioVersion = 10.0.40219.1
Project("{FAE04EC0-301F-11D3-BF4B-00C04F79EFBC}") = "Pandaros.API", "Pandaros.API.csproj", "{DFE67638-07CA-42EC-A389-79F96965C247}"
EndProject
Global
	GlobalSection(SolutionConfigurationPlatforms) = preSolution
		Debug|Any CPU = Debug|Any CPU
		Release|Any CPU = Release|Any CPU
	EndGlobalSection
	GlobalSection(ProjectConfigurationPlatforms) = postSolution
		{DFE67638-07CA-42EC-A389-79F96965C247}.Debug|Any CPU.ActiveCfg = Debug|Any CPU
		{DFE67638-07CA-42EC-A389-79F96965C247}.Debug|Any CPU.Build.0 = Debug|Any CPU
		{DFE67638-07CA-42EC-A389-79F96965C247}.Release|Any CPU.ActiveCfg = Release|Any CPU
		{DFE67638-07CA-42EC-A389-79F96965C247}.Release|Any CPU.Build.0 = Release|Any CPU
	EndGlobalSection
	GlobalSection(SolutionProperties) = preSolution
		HideSolutionNode = FALSE
	EndGlobalSection
	GlobalSection(ExtensibilityGlobals) = postSolution
		SolutionGuid = {A392AB79-4D3F-474C-AE96-2C8481B46E79}
	EndGlobalSection
EndGlobal
